// !$*UTF8*$!
{
	archiveVersion = 1;
	classes = {
	};
	objectVersion = 50;
	objects = {

/* Begin PBXBuildFile section */
		1900E9F9244D9ECA00EDCC99 /* Island.swift in Sources */ = {isa = PBXBuildFile; fileRef = 1900E9F8244D9ECA00EDCC99 /* Island.swift */; };
		1900E9FB244DB8F100EDCC99 /* Cloud.swift in Sources */ = {isa = PBXBuildFile; fileRef = 1900E9FA244DB8F100EDCC99 /* Cloud.swift */; };
		1900E9FD244DC69600EDCC99 /* PlayerPlane.atlas in Resources */ = {isa = PBXBuildFile; fileRef = 1900E9FC244DC69600EDCC99 /* PlayerPlane.atlas */; };
		1900E9FF244DC97100EDCC99 /* PayerPlane.swift in Sources */ = {isa = PBXBuildFile; fileRef = 1900E9FE244DC97100EDCC99 /* PayerPlane.swift */; };
		192F13662452532A00FF3983 /* MenuScene.swift in Sources */ = {isa = PBXBuildFile; fileRef = 192F13652452532A00FF3983 /* MenuScene.swift */; };
		192F136E24525EC900FF3983 /* BitMaskCategory.swift in Sources */ = {isa = PBXBuildFile; fileRef = 192F136D24525EC900FF3983 /* BitMaskCategory.swift */; };
		19388B5C244DE6270072CB4E /* GameBackgroundSpritable.swift in Sources */ = {isa = PBXBuildFile; fileRef = 19388B5B244DE6270072CB4E /* GameBackgroundSpritable.swift */; };
		193E41D52455BF200075771F /* GameOverScene.swift in Sources */ = {isa = PBXBuildFile; fileRef = 193E41D42455BF200075771F /* GameOverScene.swift */; };
		194933A82451D17C00FFCB7F /* Enemy_2.atlas in Resources */ = {isa = PBXBuildFile; fileRef = 194933A72451D17C00FFCB7F /* Enemy_2.atlas */; };
		194933AA2451E5C100FFCB7F /* BluePowerUp.atlas in Resources */ = {isa = PBXBuildFile; fileRef = 194933A92451E5C100FFCB7F /* BluePowerUp.atlas */; };
		1976855024546DAA000C5CAA /* HUD.swift in Sources */ = {isa = PBXBuildFile; fileRef = 1976854F24546DAA000C5CAA /* HUD.swift */; };
		1979FEB02454770E00A3C67E /* ButtonNode.swift in Sources */ = {isa = PBXBuildFile; fileRef = 1979FEAF2454770E00A3C67E /* ButtonNode.swift */; };
		19A26A8B2450D3BC0018B870 /* Enemy.swift in Sources */ = {isa = PBXBuildFile; fileRef = 19A26A8A2450D3BC0018B870 /* Enemy.swift */; };
		19A26A8D2450D7600018B870 /* Enemy_1.atlas in Resources */ = {isa = PBXBuildFile; fileRef = 19A26A8C2450D7600018B870 /* Enemy_1.atlas */; };
		19C99286244FA2C900E8A397 /* GreenPowerUp.atlas in Resources */ = {isa = PBXBuildFile; fileRef = 19C99285244FA2C900E8A397 /* GreenPowerUp.atlas */; };
		19C99288244FA2F300E8A397 /* PowerUp.swift in Sources */ = {isa = PBXBuildFile; fileRef = 19C99287244FA2F300E8A397 /* PowerUp.swift */; };
		19CFA26E2454847F006C4ACB /* PauseScene.swift in Sources */ = {isa = PBXBuildFile; fileRef = 19CFA26D2454847F006C4ACB /* PauseScene.swift */; };
		19CFA27024549233006C4ACB /* ScaneManager.swift in Sources */ = {isa = PBXBuildFile; fileRef = 19CFA26F24549233006C4ACB /* ScaneManager.swift */; };
		19CFA2722454E1C1006C4ACB /* ParentScene.swift in Sources */ = {isa = PBXBuildFile; fileRef = 19CFA2712454E1C1006C4ACB /* ParentScene.swift */; };
		19CFA2742454E9B5006C4ACB /* SettingScene.swift in Sources */ = {isa = PBXBuildFile; fileRef = 19CFA2732454E9B5006C4ACB /* SettingScene.swift */; };
		19CFA2762454F267006C4ACB /* BestScene.swift in Sources */ = {isa = PBXBuildFile; fileRef = 19CFA2752454F267006C4ACB /* BestScene.swift */; };
		19CFA27824550D2C006C4ACB /* EnemyExplosion.sks in Resources */ = {isa = PBXBuildFile; fileRef = 19CFA27724550D2C006C4ACB /* EnemyExplosion.sks */; };
		19D024C0244B273D007A5CD6 /* AppDelegate.swift in Sources */ = {isa = PBXBuildFile; fileRef = 19D024BF244B273D007A5CD6 /* AppDelegate.swift */; };
		19D024C6244B273D007A5CD6 /* GameScene.swift in Sources */ = {isa = PBXBuildFile; fileRef = 19D024C5244B273D007A5CD6 /* GameScene.swift */; };
		19D024C8244B273D007A5CD6 /* GameViewController.swift in Sources */ = {isa = PBXBuildFile; fileRef = 19D024C7244B273D007A5CD6 /* GameViewController.swift */; };
		19D024CB244B273D007A5CD6 /* Main.storyboard in Resources */ = {isa = PBXBuildFile; fileRef = 19D024C9244B273D007A5CD6 /* Main.storyboard */; };
		19D024CD244B2740007A5CD6 /* Assets.xcassets in Resources */ = {isa = PBXBuildFile; fileRef = 19D024CC244B2740007A5CD6 /* Assets.xcassets */; };
		19D024D0244B2740007A5CD6 /* LaunchScreen.storyboard in Resources */ = {isa = PBXBuildFile; fileRef = 19D024CE244B2740007A5CD6 /* LaunchScreen.storyboard */; };
		19D024D8244CE9BF007A5CD6 /* Background.swift in Sources */ = {isa = PBXBuildFile; fileRef = 19D024D7244CE9BF007A5CD6 /* Background.swift */; };
		19ED47DF2452179000706A53 /* Shot.swift in Sources */ = {isa = PBXBuildFile; fileRef = 19ED47DE2452179000706A53 /* Shot.swift */; };
		19ED47E12452282300706A53 /* Assets.swift in Sources */ = {isa = PBXBuildFile; fileRef = 19ED47E02452282300706A53 /* Assets.swift */; };
		19F8F687245213690028331D /* YellowAmmo.atlas in Resources */ = {isa = PBXBuildFile; fileRef = 19F8F686245213690028331D /* YellowAmmo.atlas */; };
/* End PBXBuildFile section */

/* Begin PBXFileReference section */
		1900E9F8244D9ECA00EDCC99 /* Island.swift */ = {isa = PBXFileReference; lastKnownFileType = sourcecode.swift; path = Island.swift; sourceTree = "<group>"; };
		1900E9FA244DB8F100EDCC99 /* Cloud.swift */ = {isa = PBXFileReference; lastKnownFileType = sourcecode.swift; path = Cloud.swift; sourceTree = "<group>"; };
		1900E9FC244DC69600EDCC99 /* PlayerPlane.atlas */ = {isa = PBXFileReference; lastKnownFileType = folder.skatlas; path = PlayerPlane.atlas; sourceTree = "<group>"; };
		1900E9FE244DC97100EDCC99 /* PayerPlane.swift */ = {isa = PBXFileReference; lastKnownFileType = sourcecode.swift; path = PayerPlane.swift; sourceTree = "<group>"; };
		192F13652452532A00FF3983 /* MenuScene.swift */ = {isa = PBXFileReference; lastKnownFileType = sourcecode.swift; path = MenuScene.swift; sourceTree = "<group>"; };
		192F136D24525EC900FF3983 /* BitMaskCategory.swift */ = {isa = PBXFileReference; lastKnownFileType = sourcecode.swift; path = BitMaskCategory.swift; sourceTree = "<group>"; };
		19388B5B244DE6270072CB4E /* GameBackgroundSpritable.swift */ = {isa = PBXFileReference; lastKnownFileType = sourcecode.swift; path = GameBackgroundSpritable.swift; sourceTree = "<group>"; };
		193E41D42455BF200075771F /* GameOverScene.swift */ = {isa = PBXFileReference; lastKnownFileType = sourcecode.swift; path = GameOverScene.swift; sourceTree = "<group>"; };
		194933A72451D17C00FFCB7F /* Enemy_2.atlas */ = {isa = PBXFileReference; lastKnownFileType = folder.skatlas; path = Enemy_2.atlas; sourceTree = "<group>"; };
		194933A92451E5C100FFCB7F /* BluePowerUp.atlas */ = {isa = PBXFileReference; lastKnownFileType = folder.skatlas; path = BluePowerUp.atlas; sourceTree = "<group>"; };
		1976854F24546DAA000C5CAA /* HUD.swift */ = {isa = PBXFileReference; lastKnownFileType = sourcecode.swift; path = HUD.swift; sourceTree = "<group>"; };
		1979FEAF2454770E00A3C67E /* ButtonNode.swift */ = {isa = PBXFileReference; lastKnownFileType = sourcecode.swift; path = ButtonNode.swift; sourceTree = "<group>"; };
		19A26A8A2450D3BC0018B870 /* Enemy.swift */ = {isa = PBXFileReference; lastKnownFileType = sourcecode.swift; path = Enemy.swift; sourceTree = "<group>"; };
		19A26A8C2450D7600018B870 /* Enemy_1.atlas */ = {isa = PBXFileReference; lastKnownFileType = folder.skatlas; path = Enemy_1.atlas; sourceTree = "<group>"; };
		19C99285244FA2C900E8A397 /* GreenPowerUp.atlas */ = {isa = PBXFileReference; lastKnownFileType = folder.skatlas; path = GreenPowerUp.atlas; sourceTree = "<group>"; };
		19C99287244FA2F300E8A397 /* PowerUp.swift */ = {isa = PBXFileReference; lastKnownFileType = sourcecode.swift; path = PowerUp.swift; sourceTree = "<group>"; };
		19CFA26D2454847F006C4ACB /* PauseScene.swift */ = {isa = PBXFileReference; lastKnownFileType = sourcecode.swift; path = PauseScene.swift; sourceTree = "<group>"; };
		19CFA26F24549233006C4ACB /* ScaneManager.swift */ = {isa = PBXFileReference; lastKnownFileType = sourcecode.swift; path = ScaneManager.swift; sourceTree = "<group>"; };
		19CFA2712454E1C1006C4ACB /* ParentScene.swift */ = {isa = PBXFileReference; lastKnownFileType = sourcecode.swift; path = ParentScene.swift; sourceTree = "<group>"; };
		19CFA2732454E9B5006C4ACB /* SettingScene.swift */ = {isa = PBXFileReference; lastKnownFileType = sourcecode.swift; path = SettingScene.swift; sourceTree = "<group>"; };
		19CFA2752454F267006C4ACB /* BestScene.swift */ = {isa = PBXFileReference; lastKnownFileType = sourcecode.swift; path = BestScene.swift; sourceTree = "<group>"; };
		19CFA27724550D2C006C4ACB /* EnemyExplosion.sks */ = {isa = PBXFileReference; lastKnownFileType = file.sks; path = EnemyExplosion.sks; sourceTree = "<group>"; };
		19D024BC244B273D007A5CD6 /* AirWar.app */ = {isa = PBXFileReference; explicitFileType = wrapper.application; includeInIndex = 0; path = AirWar.app; sourceTree = BUILT_PRODUCTS_DIR; };
		19D024BF244B273D007A5CD6 /* AppDelegate.swift */ = {isa = PBXFileReference; lastKnownFileType = sourcecode.swift; path = AppDelegate.swift; sourceTree = "<group>"; };
		19D024C5244B273D007A5CD6 /* GameScene.swift */ = {isa = PBXFileReference; lastKnownFileType = sourcecode.swift; path = GameScene.swift; sourceTree = "<group>"; };
		19D024C7244B273D007A5CD6 /* GameViewController.swift */ = {isa = PBXFileReference; lastKnownFileType = sourcecode.swift; path = GameViewController.swift; sourceTree = "<group>"; };
		19D024CA244B273D007A5CD6 /* Base */ = {isa = PBXFileReference; lastKnownFileType = file.storyboard; name = Base; path = Base.lproj/Main.storyboard; sourceTree = "<group>"; };
		19D024CC244B2740007A5CD6 /* Assets.xcassets */ = {isa = PBXFileReference; lastKnownFileType = folder.assetcatalog; path = Assets.xcassets; sourceTree = "<group>"; };
		19D024CF244B2740007A5CD6 /* Base */ = {isa = PBXFileReference; lastKnownFileType = file.storyboard; name = Base; path = Base.lproj/LaunchScreen.storyboard; sourceTree = "<group>"; };
		19D024D1244B2740007A5CD6 /* Info.plist */ = {isa = PBXFileReference; lastKnownFileType = text.plist.xml; path = Info.plist; sourceTree = "<group>"; };
		19D024D7244CE9BF007A5CD6 /* Background.swift */ = {isa = PBXFileReference; lastKnownFileType = sourcecode.swift; path = Background.swift; sourceTree = "<group>"; };
		19ED47DE2452179000706A53 /* Shot.swift */ = {isa = PBXFileReference; lastKnownFileType = sourcecode.swift; path = Shot.swift; sourceTree = "<group>"; };
		19ED47E02452282300706A53 /* Assets.swift */ = {isa = PBXFileReference; lastKnownFileType = sourcecode.swift; path = Assets.swift; sourceTree = "<group>"; };
		19F8F686245213690028331D /* YellowAmmo.atlas */ = {isa = PBXFileReference; lastKnownFileType = folder.skatlas; path = YellowAmmo.atlas; sourceTree = "<group>"; };
/* End PBXFileReference section */

/* Begin PBXFrameworksBuildPhase section */
		19D024B9244B273D007A5CD6 /* Frameworks */ = {
			isa = PBXFrameworksBuildPhase;
			buildActionMask = 2147483647;
			files = (
			);
			runOnlyForDeploymentPostprocessing = 0;
		};
/* End PBXFrameworksBuildPhase section */

/* Begin PBXGroup section */
		1900EA00244DC9EF00EDCC99 /* Clases */ = {
			isa = PBXGroup;
			children = (
				1979FEAF2454770E00A3C67E /* ButtonNode.swift */,
				1900E9FE244DC97100EDCC99 /* PayerPlane.swift */,
				19A26A8A2450D3BC0018B870 /* Enemy.swift */,
				19C99287244FA2F300E8A397 /* PowerUp.swift */,
				1900E9FA244DB8F100EDCC99 /* Cloud.swift */,
				1900E9F8244D9ECA00EDCC99 /* Island.swift */,
				19D024D7244CE9BF007A5CD6 /* Background.swift */,
				19ED47DE2452179000706A53 /* Shot.swift */,
			);
			path = Clases;
			sourceTree = "<group>";
		};
		19768551245470EA000C5CAA /* SupportingFiles */ = {
			isa = PBXGroup;
			children = (
				19D024BF244B273D007A5CD6 /* AppDelegate.swift */,
				19D024D1244B2740007A5CD6 /* Info.plist */,
			);
			path = SupportingFiles;
			sourceTree = "<group>";
		};
		197685522454710C000C5CAA /* Storyboards */ = {
			isa = PBXGroup;
			children = (
				19D024CE244B2740007A5CD6 /* LaunchScreen.storyboard */,
				19D024C9244B273D007A5CD6 /* Main.storyboard */,
			);
			path = Storyboards;
			sourceTree = "<group>";
		};
		1976855324547131000C5CAA /* Helpers */ = {
			isa = PBXGroup;
			children = (
				19ED47E02452282300706A53 /* Assets.swift */,
				192F136D24525EC900FF3983 /* BitMaskCategory.swift */,
				19CFA26F24549233006C4ACB /* ScaneManager.swift */,
			);
			path = Helpers;
			sourceTree = "<group>";
		};
		197685542454714F000C5CAA /* Scenes */ = {
			isa = PBXGroup;
			children = (
				19CFA2712454E1C1006C4ACB /* ParentScene.swift */,
				192F13652452532A00FF3983 /* MenuScene.swift */,
				19CFA26D2454847F006C4ACB /* PauseScene.swift */,
				19D024C5244B273D007A5CD6 /* GameScene.swift */,
				19CFA2732454E9B5006C4ACB /* SettingScene.swift */,
				19CFA2752454F267006C4ACB /* BestScene.swift */,
				193E41D42455BF200075771F /* GameOverScene.swift */,
			);
			path = Scenes;
			sourceTree = "<group>";
		};
		1976855524547162000C5CAA /* Controllers */ = {
			isa = PBXGroup;
			children = (
				19D024C7244B273D007A5CD6 /* GameViewController.swift */,
			);
			path = Controllers;
			sourceTree = "<group>";
		};
		1976855624547185000C5CAA /* User interface */ = {
			isa = PBXGroup;
			children = (
				1976854F24546DAA000C5CAA /* HUD.swift */,
			);
			path = "User interface";
			sourceTree = "<group>";
		};
		19768557245471B0000C5CAA /* Protocols */ = {
			isa = PBXGroup;
			children = (
				19388B5B244DE6270072CB4E /* GameBackgroundSpritable.swift */,
			);
			path = Protocols;
			sourceTree = "<group>";
		};
		19CFA27924550F0E006C4ACB /* Particles */ = {
			isa = PBXGroup;
			children = (
				19CFA27724550D2C006C4ACB /* EnemyExplosion.sks */,
			);
			path = Particles;
			sourceTree = "<group>";
		};
		19D024B3244B273D007A5CD6 = {
			isa = PBXGroup;
			children = (
				19D024BE244B273D007A5CD6 /* AirWar */,
				19D024BD244B273D007A5CD6 /* Products */,
			);
			sourceTree = "<group>";
		};
		19D024BD244B273D007A5CD6 /* Products */ = {
			isa = PBXGroup;
			children = (
				19D024BC244B273D007A5CD6 /* AirWar.app */,
			);
			name = Products;
			sourceTree = "<group>";
		};
		19D024BE244B273D007A5CD6 /* AirWar */ = {
			isa = PBXGroup;
			children = (
				19CFA27924550F0E006C4ACB /* Particles */,
				197685542454714F000C5CAA /* Scenes */,
				1976855624547185000C5CAA /* User interface */,
				1976855524547162000C5CAA /* Controllers */,
				19768557245471B0000C5CAA /* Protocols */,
				1976855324547131000C5CAA /* Helpers */,
				197685522454710C000C5CAA /* Storyboards */,
				19768551245470EA000C5CAA /* SupportingFiles */,
				1900EA00244DC9EF00EDCC99 /* Clases */,
				19D024CC244B2740007A5CD6 /* Assets.xcassets */,
				19F8F6882452141A0028331D /* Atlases */,
			);
			path = AirWar;
			sourceTree = "<group>";
		};
		19F8F6882452141A0028331D /* Atlases */ = {
			isa = PBXGroup;
			children = (
				1900E9FC244DC69600EDCC99 /* PlayerPlane.atlas */,
				19C99285244FA2C900E8A397 /* GreenPowerUp.atlas */,
				194933A92451E5C100FFCB7F /* BluePowerUp.atlas */,
				19A26A8C2450D7600018B870 /* Enemy_1.atlas */,
				194933A72451D17C00FFCB7F /* Enemy_2.atlas */,
				19F8F686245213690028331D /* YellowAmmo.atlas */,
			);
			path = Atlases;
			sourceTree = "<group>";
		};
/* End PBXGroup section */

/* Begin PBXNativeTarget section */
		19D024BB244B273D007A5CD6 /* AirWar */ = {
			isa = PBXNativeTarget;
			buildConfigurationList = 19D024D4244B2740007A5CD6 /* Build configuration list for PBXNativeTarget "AirWar" */;
			buildPhases = (
				19D024B8244B273D007A5CD6 /* Sources */,
				19D024B9244B273D007A5CD6 /* Frameworks */,
				19D024BA244B273D007A5CD6 /* Resources */,
			);
			buildRules = (
			);
			dependencies = (
			);
			name = AirWar;
			productName = AirWar;
			productReference = 19D024BC244B273D007A5CD6 /* AirWar.app */;
			productType = "com.apple.product-type.application";
		};
/* End PBXNativeTarget section */

/* Begin PBXProject section */
		19D024B4244B273D007A5CD6 /* Project object */ = {
			isa = PBXProject;
			attributes = {
				LastSwiftUpdateCheck = 1140;
				LastUpgradeCheck = 1140;
				ORGANIZATIONNAME = DamirLutfullin;
				TargetAttributes = {
					19D024BB244B273D007A5CD6 = {
						CreatedOnToolsVersion = 11.4.1;
					};
				};
			};
			buildConfigurationList = 19D024B7244B273D007A5CD6 /* Build configuration list for PBXProject "AirWar" */;
			compatibilityVersion = "Xcode 9.3";
			developmentRegion = en;
			hasScannedForEncodings = 0;
			knownRegions = (
				en,
				Base,
			);
			mainGroup = 19D024B3244B273D007A5CD6;
			productRefGroup = 19D024BD244B273D007A5CD6 /* Products */;
			projectDirPath = "";
			projectRoot = "";
			targets = (
				19D024BB244B273D007A5CD6 /* AirWar */,
			);
		};
/* End PBXProject section */

/* Begin PBXResourcesBuildPhase section */
		19D024BA244B273D007A5CD6 /* Resources */ = {
			isa = PBXResourcesBuildPhase;
			buildActionMask = 2147483647;
			files = (
				194933A82451D17C00FFCB7F /* Enemy_2.atlas in Resources */,
				19A26A8D2450D7600018B870 /* Enemy_1.atlas in Resources */,
				19D024CB244B273D007A5CD6 /* Main.storyboard in Resources */,
				19F8F687245213690028331D /* YellowAmmo.atlas in Resources */,
				19C99286244FA2C900E8A397 /* GreenPowerUp.atlas in Resources */,
				1900E9FD244DC69600EDCC99 /* PlayerPlane.atlas in Resources */,
				19CFA27824550D2C006C4ACB /* EnemyExplosion.sks in Resources */,
				19D024CD244B2740007A5CD6 /* Assets.xcassets in Resources */,
				194933AA2451E5C100FFCB7F /* BluePowerUp.atlas in Resources */,
				19D024D0244B2740007A5CD6 /* LaunchScreen.storyboard in Resources */,
			);
			runOnlyForDeploymentPostprocessing = 0;
		};
/* End PBXResourcesBuildPhase section */

/* Begin PBXSourcesBuildPhase section */
		19D024B8244B273D007A5CD6 /* Sources */ = {
			isa = PBXSourcesBuildPhase;
			buildActionMask = 2147483647;
			files = (
				19D024C6244B273D007A5CD6 /* GameScene.swift in Sources */,
				1900E9FB244DB8F100EDCC99 /* Cloud.swift in Sources */,
				193E41D52455BF200075771F /* GameOverScene.swift in Sources */,
				19ED47E12452282300706A53 /* Assets.swift in Sources */,
				19CFA2722454E1C1006C4ACB /* ParentScene.swift in Sources */,
				192F136E24525EC900FF3983 /* BitMaskCategory.swift in Sources */,
				19C99288244FA2F300E8A397 /* PowerUp.swift in Sources */,
				19D024C8244B273D007A5CD6 /* GameViewController.swift in Sources */,
				19CFA27024549233006C4ACB /* ScaneManager.swift in Sources */,
				1976855024546DAA000C5CAA /* HUD.swift in Sources */,
				19D024C0244B273D007A5CD6 /* AppDelegate.swift in Sources */,
				192F13662452532A00FF3983 /* MenuScene.swift in Sources */,
				19CFA26E2454847F006C4ACB /* PauseScene.swift in Sources */,
				1900E9F9244D9ECA00EDCC99 /* Island.swift in Sources */,
				19CFA2742454E9B5006C4ACB /* SettingScene.swift in Sources */,
				19A26A8B2450D3BC0018B870 /* Enemy.swift in Sources */,
				19ED47DF2452179000706A53 /* Shot.swift in Sources */,
				1900E9FF244DC97100EDCC99 /* PayerPlane.swift in Sources */,
				1979FEB02454770E00A3C67E /* ButtonNode.swift in Sources */,
				19388B5C244DE6270072CB4E /* GameBackgroundSpritable.swift in Sources */,
				19D024D8244CE9BF007A5CD6 /* Background.swift in Sources */,
				19CFA2762454F267006C4ACB /* BestScene.swift in Sources */,
			);
			runOnlyForDeploymentPostprocessing = 0;
		};
/* End PBXSourcesBuildPhase section */

/* Begin PBXVariantGroup section */
		19D024C9244B273D007A5CD6 /* Main.storyboard */ = {
			isa = PBXVariantGroup;
			children = (
				19D024CA244B273D007A5CD6 /* Base */,
			);
			name = Main.storyboard;
			sourceTree = "<group>";
		};
		19D024CE244B2740007A5CD6 /* LaunchScreen.storyboard */ = {
			isa = PBXVariantGroup;
			children = (
				19D024CF244B2740007A5CD6 /* Base */,
			);
			name = LaunchScreen.storyboard;
			sourceTree = "<group>";
		};
/* End PBXVariantGroup section */

/* Begin XCBuildConfiguration section */
		19D024D2244B2740007A5CD6 /* Debug */ = {
			isa = XCBuildConfiguration;
			buildSettings = {
				ALWAYS_SEARCH_USER_PATHS = NO;
				CLANG_ANALYZER_NONNULL = YES;
				CLANG_ANALYZER_NUMBER_OBJECT_CONVERSION = YES_AGGRESSIVE;
				CLANG_CXX_LANGUAGE_STANDARD = "gnu++14";
				CLANG_CXX_LIBRARY = "libc++";
				CLANG_ENABLE_MODULES = YES;
				CLANG_ENABLE_OBJC_ARC = YES;
				CLANG_ENABLE_OBJC_WEAK = YES;
				CLANG_WARN_BLOCK_CAPTURE_AUTORELEASING = YES;
				CLANG_WARN_BOOL_CONVERSION = YES;
				CLANG_WARN_COMMA = YES;
				CLANG_WARN_CONSTANT_CONVERSION = YES;
				CLANG_WARN_DEPRECATED_OBJC_IMPLEMENTATIONS = YES;
				CLANG_WARN_DIRECT_OBJC_ISA_USAGE = YES_ERROR;
				CLANG_WARN_DOCUMENTATION_COMMENTS = YES;
				CLANG_WARN_EMPTY_BODY = YES;
				CLANG_WARN_ENUM_CONVERSION = YES;
				CLANG_WARN_INFINITE_RECURSION = YES;
				CLANG_WARN_INT_CONVERSION = YES;
				CLANG_WARN_NON_LITERAL_NULL_CONVERSION = YES;
				CLANG_WARN_OBJC_IMPLICIT_RETAIN_SELF = YES;
				CLANG_WARN_OBJC_LITERAL_CONVERSION = YES;
				CLANG_WARN_OBJC_ROOT_CLASS = YES_ERROR;
				CLANG_WARN_RANGE_LOOP_ANALYSIS = YES;
				CLANG_WARN_STRICT_PROTOTYPES = YES;
				CLANG_WARN_SUSPICIOUS_MOVE = YES;
				CLANG_WARN_UNGUARDED_AVAILABILITY = YES_AGGRESSIVE;
				CLANG_WARN_UNREACHABLE_CODE = YES;
				CLANG_WARN__DUPLICATE_METHOD_MATCH = YES;
				COPY_PHASE_STRIP = NO;
				DEBUG_INFORMATION_FORMAT = dwarf;
				ENABLE_STRICT_OBJC_MSGSEND = YES;
				ENABLE_TESTABILITY = YES;
				GCC_C_LANGUAGE_STANDARD = gnu11;
				GCC_DYNAMIC_NO_PIC = NO;
				GCC_NO_COMMON_BLOCKS = YES;
				GCC_OPTIMIZATION_LEVEL = 0;
				GCC_PREPROCESSOR_DEFINITIONS = (
					"DEBUG=1",
					"$(inherited)",
				);
				GCC_WARN_64_TO_32_BIT_CONVERSION = YES;
				GCC_WARN_ABOUT_RETURN_TYPE = YES_ERROR;
				GCC_WARN_UNDECLARED_SELECTOR = YES;
				GCC_WARN_UNINITIALIZED_AUTOS = YES_AGGRESSIVE;
				GCC_WARN_UNUSED_FUNCTION = YES;
				GCC_WARN_UNUSED_VARIABLE = YES;
				IPHONEOS_DEPLOYMENT_TARGET = 13.4;
				MTL_ENABLE_DEBUG_INFO = INCLUDE_SOURCE;
				MTL_FAST_MATH = YES;
				ONLY_ACTIVE_ARCH = YES;
				SDKROOT = iphoneos;
				SWIFT_ACTIVE_COMPILATION_CONDITIONS = DEBUG;
				SWIFT_OPTIMIZATION_LEVEL = "-Onone";
			};
			name = Debug;
		};
		19D024D3244B2740007A5CD6 /* Release */ = {
			isa = XCBuildConfiguration;
			buildSettings = {
				ALWAYS_SEARCH_USER_PATHS = NO;
				CLANG_ANALYZER_NONNULL = YES;
				CLANG_ANALYZER_NUMBER_OBJECT_CONVERSION = YES_AGGRESSIVE;
				CLANG_CXX_LANGUAGE_STANDARD = "gnu++14";
				CLANG_CXX_LIBRARY = "libc++";
				CLANG_ENABLE_MODULES = YES;
				CLANG_ENABLE_OBJC_ARC = YES;
				CLANG_ENABLE_OBJC_WEAK = YES;
				CLANG_WARN_BLOCK_CAPTURE_AUTORELEASING = YES;
				CLANG_WARN_BOOL_CONVERSION = YES;
				CLANG_WARN_COMMA = YES;
				CLANG_WARN_CONSTANT_CONVERSION = YES;
				CLANG_WARN_DEPRECATED_OBJC_IMPLEMENTATIONS = YES;
				CLANG_WARN_DIRECT_OBJC_ISA_USAGE = YES_ERROR;
				CLANG_WARN_DOCUMENTATION_COMMENTS = YES;
				CLANG_WARN_EMPTY_BODY = YES;
				CLANG_WARN_ENUM_CONVERSION = YES;
				CLANG_WARN_INFINITE_RECURSION = YES;
				CLANG_WARN_INT_CONVERSION = YES;
				CLANG_WARN_NON_LITERAL_NULL_CONVERSION = YES;
				CLANG_WARN_OBJC_IMPLICIT_RETAIN_SELF = YES;
				CLANG_WARN_OBJC_LITERAL_CONVERSION = YES;
				CLANG_WARN_OBJC_ROOT_CLASS = YES_ERROR;
				CLANG_WARN_RANGE_LOOP_ANALYSIS = YES;
				CLANG_WARN_STRICT_PROTOTYPES = YES;
				CLANG_WARN_SUSPICIOUS_MOVE = YES;
				CLANG_WARN_UNGUARDED_AVAILABILITY = YES_AGGRESSIVE;
				CLANG_WARN_UNREACHABLE_CODE = YES;
				CLANG_WARN__DUPLICATE_METHOD_MATCH = YES;
				COPY_PHASE_STRIP = NO;
				DEBUG_INFORMATION_FORMAT = "dwarf-with-dsym";
				ENABLE_NS_ASSERTIONS = NO;
				ENABLE_STRICT_OBJC_MSGSEND = YES;
				GCC_C_LANGUAGE_STANDARD = gnu11;
				GCC_NO_COMMON_BLOCKS = YES;
				GCC_WARN_64_TO_32_BIT_CONVERSION = YES;
				GCC_WARN_ABOUT_RETURN_TYPE = YES_ERROR;
				GCC_WARN_UNDECLARED_SELECTOR = YES;
				GCC_WARN_UNINITIALIZED_AUTOS = YES_AGGRESSIVE;
				GCC_WARN_UNUSED_FUNCTION = YES;
				GCC_WARN_UNUSED_VARIABLE = YES;
				IPHONEOS_DEPLOYMENT_TARGET = 13.4;
				MTL_ENABLE_DEBUG_INFO = NO;
				MTL_FAST_MATH = YES;
				SDKROOT = iphoneos;
				SWIFT_COMPILATION_MODE = wholemodule;
				SWIFT_OPTIMIZATION_LEVEL = "-O";
				VALIDATE_PRODUCT = YES;
			};
			name = Release;
		};
		19D024D5244B2740007A5CD6 /* Debug */ = {
			isa = XCBuildConfiguration;
			buildSettings = {
				ASSETCATALOG_COMPILER_APPICON_NAME = AppIcon;
				CODE_SIGN_STYLE = Automatic;
				DEVELOPMENT_TEAM = TQU76263MV;
				INFOPLIST_FILE = "$(SRCROOT)/AirWar/SupportingFiles/Info.plist";
				IPHONEOS_DEPLOYMENT_TARGET = 10.0;
				LD_RUNPATH_SEARCH_PATHS = (
					"$(inherited)",
					"@executable_path/Frameworks",
				);
				PRODUCT_BUNDLE_IDENTIFIER = com.damirLutfullin.AirWar;
				PRODUCT_NAME = "$(TARGET_NAME)";
				SWIFT_VERSION = 5.0;
				TARGETED_DEVICE_FAMILY = 1;
			};
			name = Debug;
		};
		19D024D6244B2740007A5CD6 /* Release */ = {
			isa = XCBuildConfiguration;
			buildSettings = {
				ASSETCATALOG_COMPILER_APPICON_NAME = AppIcon;
				CODE_SIGN_STYLE = Automatic;
				DEVELOPMENT_TEAM = TQU76263MV;
				INFOPLIST_FILE = "$(SRCROOT)/AirWar/SupportingFiles/Info.plist";
				IPHONEOS_DEPLOYMENT_TARGET = 10.0;
				LD_RUNPATH_SEARCH_PATHS = (
					"$(inherited)",
					"@executable_path/Frameworks",
				);
				PRODUCT_BUNDLE_IDENTIFIER = com.damirLutfullin.AirWar;
				PRODUCT_NAME = "$(TARGET_NAME)";
				SWIFT_VERSION = 5.0;
				TARGETED_DEVICE_FAMILY = 1;
			};
			name = Release;
		};
/* End XCBuildConfiguration section */

/* Begin XCConfigurationList section */
		19D024B7244B273D007A5CD6 /* Build configuration list for PBXProject "AirWar" */ = {
			isa = XCConfigurationList;
			buildConfigurations = (
				19D024D2244B2740007A5CD6 /* Debug */,
				19D024D3244B2740007A5CD6 /* Release */,
			);
			defaultConfigurationIsVisible = 0;
			defaultConfigurationName = Release;
		};
		19D024D4244B2740007A5CD6 /* Build configuration list for PBXNativeTarget "AirWar" */ = {
			isa = XCConfigurationList;
			buildConfigurations = (
				19D024D5244B2740007A5CD6 /* Debug */,
				19D024D6244B2740007A5CD6 /* Release */,
			);
			defaultConfigurationIsVisible = 0;
			defaultConfigurationName = Release;
		};
/* End XCConfigurationList section */
	};
	rootObject = 19D024B4244B273D007A5CD6 /* Project object */;
}
